// !$*UTF8*$!
{
	archiveVersion = 1;
	classes = {
	};
	objectVersion = 50;
	objects = {

/* Begin PBXBuildFile section */
		598DBAB3222E028900E6451B /* AppDelegate.swift in Sources */ = {isa = PBXBuildFile; fileRef = 598DBAB2222E028900E6451B /* AppDelegate.swift */; };
		598DBAB5222E028900E6451B /* ViewController.swift in Sources */ = {isa = PBXBuildFile; fileRef = 598DBAB4222E028900E6451B /* ViewController.swift */; };
		598DBAB8222E028900E6451B /* Main.storyboard in Resources */ = {isa = PBXBuildFile; fileRef = 598DBAB6222E028900E6451B /* Main.storyboard */; };
		598DBABA222E028A00E6451B /* Assets.xcassets in Resources */ = {isa = PBXBuildFile; fileRef = 598DBAB9222E028A00E6451B /* Assets.xcassets */; };
		598DBABD222E028A00E6451B /* LaunchScreen.storyboard in Resources */ = {isa = PBXBuildFile; fileRef = 598DBABB222E028A00E6451B /* LaunchScreen.storyboard */; };
		598DBAC8222E028B00E6451B /* simpleCalculatorTests.swift in Sources */ = {isa = PBXBuildFile; fileRef = 598DBAC7222E028B00E6451B /* simpleCalculatorTests.swift */; };
		598DBAD3222E028B00E6451B /* simpleCalculatorUITests.swift in Sources */ = {isa = PBXBuildFile; fileRef = 598DBAD2222E028B00E6451B /* simpleCalculatorUITests.swift */; };
		598DBAE1222E02AA00E6451B /* input.swift in Sources */ = {isa = PBXBuildFile; fileRef = 598DBAE0222E02AA00E6451B /* input.swift */; };
/* End PBXBuildFile section */

/* Begin PBXContainerItemProxy section */
		598DBAC4222E028B00E6451B /* PBXContainerItemProxy */ = {
			isa = PBXContainerItemProxy;
			containerPortal = 598DBAA7222E028900E6451B /* Project object */;
			proxyType = 1;
			remoteGlobalIDString = 598DBAAE222E028900E6451B;
			remoteInfo = simpleCalculator;
		};
		598DBACF222E028B00E6451B /* PBXContainerItemProxy */ = {
			isa = PBXContainerItemProxy;
			containerPortal = 598DBAA7222E028900E6451B /* Project object */;
			proxyType = 1;
			remoteGlobalIDString = 598DBAAE222E028900E6451B;
			remoteInfo = simpleCalculator;
		};
/* End PBXContainerItemProxy section */

/* Begin PBXFileReference section */
		598DBAAF222E028900E6451B /* simpleCalculator.app */ = {isa = PBXFileReference; explicitFileType = wrapper.application; includeInIndex = 0; path = simpleCalculator.app; sourceTree = BUILT_PRODUCTS_DIR; };
		598DBAB2222E028900E6451B /* AppDelegate.swift */ = {isa = PBXFileReference; lastKnownFileType = sourcecode.swift; path = AppDelegate.swift; sourceTree = "<group>"; };
		598DBAB4222E028900E6451B /* ViewController.swift */ = {isa = PBXFileReference; lastKnownFileType = sourcecode.swift; path = ViewController.swift; sourceTree = "<group>"; };
		598DBAB7222E028900E6451B /* Base */ = {isa = PBXFileReference; lastKnownFileType = file.storyboard; name = Base; path = Base.lproj/Main.storyboard; sourceTree = "<group>"; };
		598DBAB9222E028A00E6451B /* Assets.xcassets */ = {isa = PBXFileReference; lastKnownFileType = folder.assetcatalog; path = Assets.xcassets; sourceTree = "<group>"; };
		598DBABC222E028A00E6451B /* Base */ = {isa = PBXFileReference; lastKnownFileType = file.storyboard; name = Base; path = Base.lproj/LaunchScreen.storyboard; sourceTree = "<group>"; };
		598DBABE222E028A00E6451B /* Info.plist */ = {isa = PBXFileReference; lastKnownFileType = text.plist.xml; path = Info.plist; sourceTree = "<group>"; };
		598DBAC3222E028B00E6451B /* simpleCalculatorTests.xctest */ = {isa = PBXFileReference; explicitFileType = wrapper.cfbundle; includeInIndex = 0; path = simpleCalculatorTests.xctest; sourceTree = BUILT_PRODUCTS_DIR; };
		598DBAC7222E028B00E6451B /* simpleCalculatorTests.swift */ = {isa = PBXFileReference; lastKnownFileType = sourcecode.swift; path = simpleCalculatorTests.swift; sourceTree = "<group>"; };
		598DBAC9222E028B00E6451B /* Info.plist */ = {isa = PBXFileReference; lastKnownFileType = text.plist.xml; path = Info.plist; sourceTree = "<group>"; };
		598DBACE222E028B00E6451B /* simpleCalculatorUITests.xctest */ = {isa = PBXFileReference; explicitFileType = wrapper.cfbundle; includeInIndex = 0; path = simpleCalculatorUITests.xctest; sourceTree = BUILT_PRODUCTS_DIR; };
		598DBAD2222E028B00E6451B /* simpleCalculatorUITests.swift */ = {isa = PBXFileReference; lastKnownFileType = sourcecode.swift; path = simpleCalculatorUITests.swift; sourceTree = "<group>"; };
		598DBAD4222E028B00E6451B /* Info.plist */ = {isa = PBXFileReference; lastKnownFileType = text.plist.xml; path = Info.plist; sourceTree = "<group>"; };
		598DBAE0222E02AA00E6451B /* input.swift */ = {isa = PBXFileReference; lastKnownFileType = sourcecode.swift; path = input.swift; sourceTree = "<group>"; };
/* End PBXFileReference section */

/* Begin PBXFrameworksBuildPhase section */
		598DBAAC222E028900E6451B /* Frameworks */ = {
			isa = PBXFrameworksBuildPhase;
			buildActionMask = 2147483647;
			files = (
			);
			runOnlyForDeploymentPostprocessing = 0;
		};
		598DBAC0222E028B00E6451B /* Frameworks */ = {
			isa = PBXFrameworksBuildPhase;
			buildActionMask = 2147483647;
			files = (
			);
			runOnlyForDeploymentPostprocessing = 0;
		};
		598DBACB222E028B00E6451B /* Frameworks */ = {
			isa = PBXFrameworksBuildPhase;
			buildActionMask = 2147483647;
			files = (
			);
			runOnlyForDeploymentPostprocessing = 0;
		};
/* End PBXFrameworksBuildPhase section */

/* Begin PBXGroup section */
		598DBAA6222E028900E6451B = {
			isa = PBXGroup;
			children = (
				598DBAB1222E028900E6451B /* simpleCalculator */,
				598DBAC6222E028B00E6451B /* simpleCalculatorTests */,
				598DBAD1222E028B00E6451B /* simpleCalculatorUITests */,
				598DBAB0222E028900E6451B /* Products */,
			);
			sourceTree = "<group>";
		};
		598DBAB0222E028900E6451B /* Products */ = {
			isa = PBXGroup;
			children = (
				598DBAAF222E028900E6451B /* simpleCalculator.app */,
				598DBAC3222E028B00E6451B /* simpleCalculatorTests.xctest */,
				598DBACE222E028B00E6451B /* simpleCalculatorUITests.xctest */,
			);
			name = Products;
			sourceTree = "<group>";
		};
		598DBAB1222E028900E6451B /* simpleCalculator */ = {
			isa = PBXGroup;
			children = (
				598DBAB2222E028900E6451B /* AppDelegate.swift */,
				598DBAB4222E028900E6451B /* ViewController.swift */,
				598DBAE0222E02AA00E6451B /* input.swift */,
				598DBAB6222E028900E6451B /* Main.storyboard */,
				598DBAB9222E028A00E6451B /* Assets.xcassets */,
				598DBABB222E028A00E6451B /* LaunchScreen.storyboard */,
				598DBABE222E028A00E6451B /* Info.plist */,
			);
			path = simpleCalculator;
			sourceTree = "<group>";
		};
		598DBAC6222E028B00E6451B /* simpleCalculatorTests */ = {
			isa = PBXGroup;
			children = (
				598DBAC7222E028B00E6451B /* simpleCalculatorTests.swift */,
				598DBAC9222E028B00E6451B /* Info.plist */,
			);
			path = simpleCalculatorTests;
			sourceTree = "<group>";
		};
		598DBAD1222E028B00E6451B /* simpleCalculatorUITests */ = {
			isa = PBXGroup;
			children = (
				598DBAD2222E028B00E6451B /* simpleCalculatorUITests.swift */,
				598DBAD4222E028B00E6451B /* Info.plist */,
			);
			path = simpleCalculatorUITests;
			sourceTree = "<group>";
		};
/* End PBXGroup section */

/* Begin PBXNativeTarget section */
		598DBAAE222E028900E6451B /* simpleCalculator */ = {
			isa = PBXNativeTarget;
			buildConfigurationList = 598DBAD7222E028B00E6451B /* Build configuration list for PBXNativeTarget "simpleCalculator" */;
			buildPhases = (
				598DBAAB222E028900E6451B /* Sources */,
				598DBAAC222E028900E6451B /* Frameworks */,
				598DBAAD222E028900E6451B /* Resources */,
			);
			buildRules = (
			);
			dependencies = (
			);
			name = simpleCalculator;
			productName = simpleCalculator;
			productReference = 598DBAAF222E028900E6451B /* simpleCalculator.app */;
			productType = "com.apple.product-type.application";
		};
		598DBAC2222E028B00E6451B /* simpleCalculatorTests */ = {
			isa = PBXNativeTarget;
			buildConfigurationList = 598DBADA222E028B00E6451B /* Build configuration list for PBXNativeTarget "simpleCalculatorTests" */;
			buildPhases = (
				598DBABF222E028B00E6451B /* Sources */,
				598DBAC0222E028B00E6451B /* Frameworks */,
				598DBAC1222E028B00E6451B /* Resources */,
			);
			buildRules = (
			);
			dependencies = (
				598DBAC5222E028B00E6451B /* PBXTargetDependency */,
			);
			name = simpleCalculatorTests;
			productName = simpleCalculatorTests;
			productReference = 598DBAC3222E028B00E6451B /* simpleCalculatorTests.xctest */;
			productType = "com.apple.product-type.bundle.unit-test";
		};
		598DBACD222E028B00E6451B /* simpleCalculatorUITests */ = {
			isa = PBXNativeTarget;
			buildConfigurationList = 598DBADD222E028B00E6451B /* Build configuration list for PBXNativeTarget "simpleCalculatorUITests" */;
			buildPhases = (
				598DBACA222E028B00E6451B /* Sources */,
				598DBACB222E028B00E6451B /* Frameworks */,
				598DBACC222E028B00E6451B /* Resources */,
			);
			buildRules = (
			);
			dependencies = (
				598DBAD0222E028B00E6451B /* PBXTargetDependency */,
			);
			name = simpleCalculatorUITests;
			productName = simpleCalculatorUITests;
			productReference = 598DBACE222E028B00E6451B /* simpleCalculatorUITests.xctest */;
			productType = "com.apple.product-type.bundle.ui-testing";
		};
/* End PBXNativeTarget section */

/* Begin PBXProject section */
		598DBAA7222E028900E6451B /* Project object */ = {
			isa = PBXProject;
			attributes = {
				LastSwiftUpdateCheck = 1010;
				LastUpgradeCheck = 1010;
				ORGANIZATIONNAME = Tracy;
				TargetAttributes = {
					598DBAAE222E028900E6451B = {
						CreatedOnToolsVersion = 10.1;
					};
					598DBAC2222E028B00E6451B = {
						CreatedOnToolsVersion = 10.1;
						TestTargetID = 598DBAAE222E028900E6451B;
					};
					598DBACD222E028B00E6451B = {
						CreatedOnToolsVersion = 10.1;
						TestTargetID = 598DBAAE222E028900E6451B;
					};
				};
			};
			buildConfigurationList = 598DBAAA222E028900E6451B /* Build configuration list for PBXProject "simpleCalculator" */;
			compatibilityVersion = "Xcode 9.3";
			developmentRegion = en;
			hasScannedForEncodings = 0;
			knownRegions = (
				en,
				Base,
			);
			mainGroup = 598DBAA6222E028900E6451B;
			productRefGroup = 598DBAB0222E028900E6451B /* Products */;
			projectDirPath = "";
			projectRoot = "";
			targets = (
				598DBAAE222E028900E6451B /* simpleCalculator */,
				598DBAC2222E028B00E6451B /* simpleCalculatorTests */,
				598DBACD222E028B00E6451B /* simpleCalculatorUITests */,
			);
		};
/* End PBXProject section */

/* Begin PBXResourcesBuildPhase section */
		598DBAAD222E028900E6451B /* Resources */ = {
			isa = PBXResourcesBuildPhase;
			buildActionMask = 2147483647;
			files = (
				598DBABD222E028A00E6451B /* LaunchScreen.storyboard in Resources */,
				598DBABA222E028A00E6451B /* Assets.xcassets in Resources */,
				598DBAB8222E028900E6451B /* Main.storyboard in Resources */,
			);
			runOnlyForDeploymentPostprocessing = 0;
		};
		598DBAC1222E028B00E6451B /* Resources */ = {
			isa = PBXResourcesBuildPhase;
			buildActionMask = 2147483647;
			files = (
			);
			runOnlyForDeploymentPostprocessing = 0;
		};
		598DBACC222E028B00E6451B /* Resources */ = {
			isa = PBXResourcesBuildPhase;
			buildActionMask = 2147483647;
			files = (
			);
			runOnlyForDeploymentPostprocessing = 0;
		};
/* End PBXResourcesBuildPhase section */

/* Begin PBXSourcesBuildPhase section */
		598DBAAB222E028900E6451B /* Sources */ = {
			isa = PBXSourcesBuildPhase;
			buildActionMask = 2147483647;
			files = (
				598DBAB5222E028900E6451B /* ViewController.swift in Sources */,
				598DBAE1222E02AA00E6451B /* input.swift in Sources */,
				598DBAB3222E028900E6451B /* AppDelegate.swift in Sources */,
			);
			runOnlyForDeploymentPostprocessing = 0;
		};
		598DBABF222E028B00E6451B /* Sources */ = {
			isa = PBXSourcesBuildPhase;
			buildActionMask = 2147483647;
			files = (
				598DBAC8222E028B00E6451B /* simpleCalculatorTests.swift in Sources */,
			);
			runOnlyForDeploymentPostprocessing = 0;
		};
		598DBACA222E028B00E6451B /* Sources */ = {
			isa = PBXSourcesBuildPhase;
			buildActionMask = 2147483647;
			files = (
				598DBAD3222E028B00E6451B /* simpleCalculatorUITests.swift in Sources */,
			);
			runOnlyForDeploymentPostprocessing = 0;
		};
/* End PBXSourcesBuildPhase section */

/* Begin PBXTargetDependency section */
		598DBAC5222E028B00E6451B /* PBXTargetDependency */ = {
			isa = PBXTargetDependency;
			target = 598DBAAE222E028900E6451B /* simpleCalculator */;
			targetProxy = 598DBAC4222E028B00E6451B /* PBXContainerItemProxy */;
		};
		598DBAD0222E028B00E6451B /* PBXTargetDependency */ = {
			isa = PBXTargetDependency;
			target = 598DBAAE222E028900E6451B /* simpleCalculator */;
			targetProxy = 598DBACF222E028B00E6451B /* PBXContainerItemProxy */;
		};
/* End PBXTargetDependency section */

/* Begin PBXVariantGroup section */
		598DBAB6222E028900E6451B /* Main.storyboard */ = {
			isa = PBXVariantGroup;
			children = (
				598DBAB7222E028900E6451B /* Base */,
			);
			name = Main.storyboard;
			sourceTree = "<group>";
		};
		598DBABB222E028A00E6451B /* LaunchScreen.storyboard */ = {
			isa = PBXVariantGroup;
			children = (
				598DBABC222E028A00E6451B /* Base */,
			);
			name = LaunchScreen.storyboard;
			sourceTree = "<group>";
		};
/* End PBXVariantGroup section */

/* Begin XCBuildConfiguration section */
		598DBAD5222E028B00E6451B /* Debug */ = {
			isa = XCBuildConfiguration;
			buildSettings = {
				ALWAYS_SEARCH_USER_PATHS = NO;
				CLANG_ANALYZER_NONNULL = YES;
				CLANG_ANALYZER_NUMBER_OBJECT_CONVERSION = YES_AGGRESSIVE;
				CLANG_CXX_LANGUAGE_STANDARD = "gnu++14";
				CLANG_CXX_LIBRARY = "libc++";
				CLANG_ENABLE_MODULES = YES;
				CLANG_ENABLE_OBJC_ARC = YES;
				CLANG_ENABLE_OBJC_WEAK = YES;
				CLANG_WARN_BLOCK_CAPTURE_AUTORELEASING = YES;
				CLANG_WARN_BOOL_CONVERSION = YES;
				CLANG_WARN_COMMA = YES;
				CLANG_WARN_CONSTANT_CONVERSION = YES;
				CLANG_WARN_DEPRECATED_OBJC_IMPLEMENTATIONS = YES;
				CLANG_WARN_DIRECT_OBJC_ISA_USAGE = YES_ERROR;
				CLANG_WARN_DOCUMENTATION_COMMENTS = YES;
				CLANG_WARN_EMPTY_BODY = YES;
				CLANG_WARN_ENUM_CONVERSION = YES;
				CLANG_WARN_INFINITE_RECURSION = YES;
				CLANG_WARN_INT_CONVERSION = YES;
				CLANG_WARN_NON_LITERAL_NULL_CONVERSION = YES;
				CLANG_WARN_OBJC_IMPLICIT_RETAIN_SELF = YES;
				CLANG_WARN_OBJC_LITERAL_CONVERSION = YES;
				CLANG_WARN_OBJC_ROOT_CLASS = YES_ERROR;
				CLANG_WARN_RANGE_LOOP_ANALYSIS = YES;
				CLANG_WARN_STRICT_PROTOTYPES = YES;
				CLANG_WARN_SUSPICIOUS_MOVE = YES;
				CLANG_WARN_UNGUARDED_AVAILABILITY = YES_AGGRESSIVE;
				CLANG_WARN_UNREACHABLE_CODE = YES;
				CLANG_WARN__DUPLICATE_METHOD_MATCH = YES;
				CODE_SIGN_IDENTITY = "iPhone Developer";
				COPY_PHASE_STRIP = NO;
				DEBUG_INFORMATION_FORMAT = dwarf;
				ENABLE_STRICT_OBJC_MSGSEND = YES;
				ENABLE_TESTABILITY = YES;
				GCC_C_LANGUAGE_STANDARD = gnu11;
				GCC_DYNAMIC_NO_PIC = NO;
				GCC_NO_COMMON_BLOCKS = YES;
				GCC_OPTIMIZATION_LEVEL = 0;
				GCC_PREPROCESSOR_DEFINITIONS = (
					"DEBUG=1",
					"$(inherited)",
				);
				GCC_WARN_64_TO_32_BIT_CONVERSION = YES;
				GCC_WARN_ABOUT_RETURN_TYPE = YES_ERROR;
				GCC_WARN_UNDECLARED_SELECTOR = YES;
				GCC_WARN_UNINITIALIZED_AUTOS = YES_AGGRESSIVE;
				GCC_WARN_UNUSED_FUNCTION = YES;
				GCC_WARN_UNUSED_VARIABLE = YES;
				IPHONEOS_DEPLOYMENT_TARGET = 12.1;
				MTL_ENABLE_DEBUG_INFO = INCLUDE_SOURCE;
				MTL_FAST_MATH = YES;
				ONLY_ACTIVE_ARCH = YES;
				SDKROOT = iphoneos;
				SWIFT_ACTIVE_COMPILATION_CONDITIONS = DEBUG;
				SWIFT_OPTIMIZATION_LEVEL = "-Onone";
			};
			name = Debug;
		};
		598DBAD6222E028B00E6451B /* Release */ = {
			isa = XCBuildConfiguration;
			buildSettings = {
				ALWAYS_SEARCH_USER_PATHS = NO;
				CLANG_ANALYZER_NONNULL = YES;
				CLANG_ANALYZER_NUMBER_OBJECT_CONVERSION = YES_AGGRESSIVE;
				CLANG_CXX_LANGUAGE_STANDARD = "gnu++14";
				CLANG_CXX_LIBRARY = "libc++";
				CLANG_ENABLE_MODULES = YES;
				CLANG_ENABLE_OBJC_ARC = YES;
				CLANG_ENABLE_OBJC_WEAK = YES;
				CLANG_WARN_BLOCK_CAPTURE_AUTORELEASING = YES;
				CLANG_WARN_BOOL_CONVERSION = YES;
				CLANG_WARN_COMMA = YES;
				CLANG_WARN_CONSTANT_CONVERSION = YES;
				CLANG_WARN_DEPRECATED_OBJC_IMPLEMENTATIONS = YES;
				CLANG_WARN_DIRECT_OBJC_ISA_USAGE = YES_ERROR;
				CLANG_WARN_DOCUMENTATION_COMMENTS = YES;
				CLANG_WARN_EMPTY_BODY = YES;
				CLANG_WARN_ENUM_CONVERSION = YES;
				CLANG_WARN_INFINITE_RECURSION = YES;
				CLANG_WARN_INT_CONVERSION = YES;
				CLANG_WARN_NON_LITERAL_NULL_CONVERSION = YES;
				CLANG_WARN_OBJC_IMPLICIT_RETAIN_SELF = YES;
				CLANG_WARN_OBJC_LITERAL_CONVERSION = YES;
				CLANG_WARN_OBJC_ROOT_CLASS = YES_ERROR;
				CLANG_WARN_RANGE_LOOP_ANALYSIS = YES;
				CLANG_WARN_STRICT_PROTOTYPES = YES;
				CLANG_WARN_SUSPICIOUS_MOVE = YES;
				CLANG_WARN_UNGUARDED_AVAILABILITY = YES_AGGRESSIVE;
				CLANG_WARN_UNREACHABLE_CODE = YES;
				CLANG_WARN__DUPLICATE_METHOD_MATCH = YES;
				CODE_SIGN_IDENTITY = "iPhone Developer";
				COPY_PHASE_STRIP = NO;
				DEBUG_INFORMATION_FORMAT = "dwarf-with-dsym";
				ENABLE_NS_ASSERTIONS = NO;
				ENABLE_STRICT_OBJC_MSGSEND = YES;
				GCC_C_LANGUAGE_STANDARD = gnu11;
				GCC_NO_COMMON_BLOCKS = YES;
				GCC_WARN_64_TO_32_BIT_CONVERSION = YES;
				GCC_WARN_ABOUT_RETURN_TYPE = YES_ERROR;
				GCC_WARN_UNDECLARED_SELECTOR = YES;
				GCC_WARN_UNINITIALIZED_AUTOS = YES_AGGRESSIVE;
				GCC_WARN_UNUSED_FUNCTION = YES;
				GCC_WARN_UNUSED_VARIABLE = YES;
				IPHONEOS_DEPLOYMENT_TARGET = 12.1;
				MTL_ENABLE_DEBUG_INFO = NO;
				MTL_FAST_MATH = YES;
				SDKROOT = iphoneos;
				SWIFT_COMPILATION_MODE = wholemodule;
				SWIFT_OPTIMIZATION_LEVEL = "-O";
				VALIDATE_PRODUCT = YES;
			};
			name = Release;
		};
		598DBAD8222E028B00E6451B /* Debug */ = {
			isa = XCBuildConfiguration;
			buildSettings = {
				ASSETCATALOG_COMPILER_APPICON_NAME = AppIcon;
				CODE_SIGN_STYLE = Automatic;
				INFOPLIST_FILE = simpleCalculator/Info.plist;
				LD_RUNPATH_SEARCH_PATHS = (
					"$(inherited)",
					"@executable_path/Frameworks",
				);
				PRODUCT_BUNDLE_IDENTIFIER = com.Tracy.simpleCalculator;
				PRODUCT_NAME = "$(TARGET_NAME)";
				SWIFT_VERSION = 4.2;
				TARGETED_DEVICE_FAMILY = "1,2";
			};
			name = Debug;
		};
		598DBAD9222E028B00E6451B /* Release */ = {
			isa = XCBuildConfiguration;
			buildSettings = {
				ASSETCATALOG_COMPILER_APPICON_NAME = AppIcon;
				CODE_SIGN_STYLE = Automatic;
				INFOPLIST_FILE = simpleCalculator/Info.plist;
				LD_RUNPATH_SEARCH_PATHS = (
					"$(inherited)",
					"@executable_path/Frameworks",
				);
				PRODUCT_BUNDLE_IDENTIFIER = com.Tracy.simpleCalculator;
				PRODUCT_NAME = "$(TARGET_NAME)";
				SWIFT_VERSION = 4.2;
				TARGETED_DEVICE_FAMILY = "1,2";
			};
			name = Release;
		};
		598DBADB222E028B00E6451B /* Debug */ = {
			isa = XCBuildConfiguration;
			buildSettings = {
				ALWAYS_EMBED_SWIFT_STANDARD_LIBRARIES = YES;
				BUNDLE_LOADER = "$(TEST_HOST)";
				CODE_SIGN_STYLE = Automatic;
				INFOPLIST_FILE = simpleCalculatorTests/Info.plist;
				LD_RUNPATH_SEARCH_PATHS = (
					"$(inherited)",
					"@executable_path/Frameworks",
					"@loader_path/Frameworks",
				);
				PRODUCT_BUNDLE_IDENTIFIER = com.Tracy.simpleCalculatorTests;
				PRODUCT_NAME = "$(TARGET_NAME)";
				SWIFT_VERSION = 4.2;
				TARGETED_DEVICE_FAMILY = "1,2";
				TEST_HOST = "$(BUILT_PRODUCTS_DIR)/simpleCalculator.app/simpleCalculator";
			};
			name = Debug;
		};
		598DBADC222E028B00E6451B /* Release */ = {
			isa = XCBuildConfiguration;
			buildSettings = {
				ALWAYS_EMBED_SWIFT_STANDARD_LIBRARIES = YES;
				BUNDLE_LOADER = "$(TEST_HOST)";
				CODE_SIGN_STYLE = Automatic;
				INFOPLIST_FILE = simpleCalculatorTests/Info.plist;
				LD_RUNPATH_SEARCH_PATHS = (
					"$(inherited)",
					"@executable_path/Frameworks",
					"@loader_path/Frameworks",
				);
				PRODUCT_BUNDLE_IDENTIFIER = com.Tracy.simpleCalculatorTests;
				PRODUCT_NAME = "$(TARGET_NAME)";
				SWIFT_VERSION = 4.2;
				TARGETED_DEVICE_FAMILY = "1,2";
				TEST_HOST = "$(BUILT_PRODUCTS_DIR)/simpleCalculator.app/simpleCalculator";
			};
			name = Release;
		};
		598DBADE222E028B00E6451B /* Debug */ = {
			isa = XCBuildConfiguration;
			buildSettings = {
				ALWAYS_EMBED_SWIFT_STANDARD_LIBRARIES = YES;
				CODE_SIGN_STYLE = Automatic;
				INFOPLIST_FILE = simpleCalculatorUITests/Info.plist;
				LD_RUNPATH_SEARCH_PATHS = (
					"$(inherited)",
					"@executable_path/Frameworks",
					"@loader_path/Frameworks",
				);
				PRODUCT_BUNDLE_IDENTIFIER = com.Tracy.simpleCalculatorUITests;
				PRODUCT_NAME = "$(TARGET_NAME)";
				SWIFT_VERSION = 4.2;
				TARGETED_DEVICE_FAMILY = "1,2";
				TEST_TARGET_NAME = simpleCalculator;
			};
			name = Debug;
		};
		598DBADF222E028B00E6451B /* Release */ = {
			isa = XCBuildConfiguration;
			buildSettings = {
				ALWAYS_EMBED_SWIFT_STANDARD_LIBRARIES = YES;
				CODE_SIGN_STYLE = Automatic;
				INFOPLIST_FILE = simpleCalculatorUITests/Info.plist;
				LD_RUNPATH_SEARCH_PATHS = (
					"$(inherited)",
					"@executable_path/Frameworks",
					"@loader_path/Frameworks",
				);
				PRODUCT_BUNDLE_IDENTIFIER = com.Tracy.simpleCalculatorUITests;
				PRODUCT_NAME = "$(TARGET_NAME)";
				SWIFT_VERSION = 4.2;
				TARGETED_DEVICE_FAMILY = "1,2";
				TEST_TARGET_NAME = simpleCalculator;
			};
			name = Release;
		};
/* End XCBuildConfiguration section */

/* Begin XCConfigurationList section */
		598DBAAA222E028900E6451B /* Build configuration list for PBXProject "simpleCalculator" */ = {
			isa = XCConfigurationList;
			buildConfigurations = (
				598DBAD5222E028B00E6451B /* Debug */,
				598DBAD6222E028B00E6451B /* Release */,
			);
			defaultConfigurationIsVisible = 0;
			defaultConfigurationName = Release;
		};
		598DBAD7222E028B00E6451B /* Build configuration list for PBXNativeTarget "simpleCalculator" */ = {
			isa = XCConfigurationList;
			buildConfigurations = (
				598DBAD8222E028B00E6451B /* Debug */,
				598DBAD9222E028B00E6451B /* Release */,
			);
			defaultConfigurationIsVisible = 0;
			defaultConfigurationName = Release;
		};
		598DBADA222E028B00E6451B /* Build configuration list for PBXNativeTarget "simpleCalculatorTests" */ = {
			isa = XCConfigurationList;
			buildConfigurations = (
				598DBADB222E028B00E6451B /* Debug */,
				598DBADC222E028B00E6451B /* Release */,
			);
			defaultConfigurationIsVisible = 0;
			defaultConfigurationName = Release;
		};
		598DBADD222E028B00E6451B /* Build configuration list for PBXNativeTarget "simpleCalculatorUITests" */ = {
			isa = XCConfigurationList;
			buildConfigurations = (
				598DBADE222E028B00E6451B /* Debug */,
				598DBADF222E028B00E6451B /* Release */,
			);
			defaultConfigurationIsVisible = 0;
			defaultConfigurationName = Release;
		};
/* End XCConfigurationList section */
	};
	rootObject = 598DBAA7222E028900E6451B /* Project object */;
}
